
Microsoft Visual Studio Solution File, Format Version 12.00
# Visual Studio Version 17
VisualStudioVersion = 17.8.34408.163
MinimumVisualStudioVersion = 10.0.40219.1
Project("{9A19103F-16F7-4668-BE54-9A1E7A4F7556}") = "JustLoaded.Content", "JustLoaded.Content\JustLoaded.Content.csproj", "{0161E80F-1682-4AAE-8138-A60A6CD7E8A2}"
EndProject
Project("{9A19103F-16F7-4668-BE54-9A1E7A4F7556}") = "JustLoaded.Core", "JustLoaded.Core\JustLoaded.Core.csproj", "{3A004363-0795-408A-AE39-1B795FAE6C0F}"
EndProject
Project("{FAE04EC0-301F-11D3-BF4B-00C04F79EFBC}") = "JustLoaded.Util", "JustLoaded.Util\JustLoaded.Util.csproj", "{FF62C88B-80B2-4032-AA7C-F00BE00887AD}"
EndProject
Project("{FAE04EC0-301F-11D3-BF4B-00C04F79EFBC}") = "JustLoaded.Util.Tests", "JustLoaded.Util.Tests\JustLoaded.Util.Tests.csproj", "{AAF6B795-67F6-45A7-AB2C-B6F666463639}"
EndProject
Project("{FAE04EC0-301F-11D3-BF4B-00C04F79EFBC}") = "JustLoaded.Filesystem", "JustLoaded.Filesystem\JustLoaded.Filesystem.csproj", "{6D38E61B-BE29-49BB-85BF-46528F4828A3}"
EndProject
Project("{FAE04EC0-301F-11D3-BF4B-00C04F79EFBC}") = "JustLoaded.FileSystem.Tests", "JustLoaded.FileSystem.Tests\JustLoaded.FileSystem.Tests.csproj", "{DDA05FE0-124A-4F88-AABD-2277263BA17D}"
EndProject
Project("{FAE04EC0-301F-11D3-BF4B-00C04F79EFBC}") = "Test", "Test\Test.csproj", "{123CC0B4-4D0B-41BB-ACB8-ED40A52A3614}"
EndProject
Project("{FAE04EC0-301F-11D3-BF4B-00C04F79EFBC}") = "SingleAssemblyModLoading", "Examples\SingleAssemblyModLoading\SingleAssemblyModLoading.csproj", "{4EFE980D-EFD9-4E9F-9476-EFDE03417A39}"
EndProject
Project("{2150E333-8FDC-42A3-9474-1A3956D46DE8}") = "Examples", "Examples", "{D45A1EBC-A616-4228-9454-AFAF00D630F9}"
EndProject
Project("{2150E333-8FDC-42A3-9474-1A3956D46DE8}") = "MultiAssembly", "MultiAssembly", "{0CC3B3EC-AC4F-4A8A-B410-1A16B9387619}"
	ProjectSection(SolutionItems) = preProject
		Examples\MultiAssembly\Directory.Build.props = Examples\MultiAssembly\Directory.Build.props
		Examples\MultiAssembly\Directory.Build.targets = Examples\MultiAssembly\Directory.Build.targets
	EndProjectSection
EndProject
Project("{FAE04EC0-301F-11D3-BF4B-00C04F79EFBC}") = "MultiAssembly.Game", "Examples\MultiAssembly\MultiAssembly.Game\MultiAssembly.Game.csproj", "{EE855A2C-0E2A-4F35-A90C-F4CC3E18B780}"
EndProject
Project("{FAE04EC0-301F-11D3-BF4B-00C04F79EFBC}") = "MultiAssembly.FunMod", "Examples\MultiAssembly\MultiAssembly.FunMod\MultiAssembly.FunMod.csproj", "{3A362D93-393F-4A3F-9BB4-BA38576BCEF5}"
EndProject
Global
	GlobalSection(SolutionConfigurationPlatforms) = preSolution
		Debug|Any CPU = Debug|Any CPU
		Release|Any CPU = Release|Any CPU
	EndGlobalSection
	GlobalSection(ProjectConfigurationPlatforms) = postSolution
		{0161E80F-1682-4AAE-8138-A60A6CD7E8A2}.Debug|Any CPU.ActiveCfg = Debug|Any CPU
		{0161E80F-1682-4AAE-8138-A60A6CD7E8A2}.Debug|Any CPU.Build.0 = Debug|Any CPU
		{0161E80F-1682-4AAE-8138-A60A6CD7E8A2}.Release|Any CPU.ActiveCfg = Release|Any CPU
		{0161E80F-1682-4AAE-8138-A60A6CD7E8A2}.Release|Any CPU.Build.0 = Release|Any CPU
		{3A004363-0795-408A-AE39-1B795FAE6C0F}.Debug|Any CPU.ActiveCfg = Debug|Any CPU
		{3A004363-0795-408A-AE39-1B795FAE6C0F}.Debug|Any CPU.Build.0 = Debug|Any CPU
		{3A004363-0795-408A-AE39-1B795FAE6C0F}.Release|Any CPU.ActiveCfg = Release|Any CPU
		{3A004363-0795-408A-AE39-1B795FAE6C0F}.Release|Any CPU.Build.0 = Release|Any CPU
		{FF62C88B-80B2-4032-AA7C-F00BE00887AD}.Debug|Any CPU.ActiveCfg = Debug|Any CPU
		{FF62C88B-80B2-4032-AA7C-F00BE00887AD}.Debug|Any CPU.Build.0 = Debug|Any CPU
		{FF62C88B-80B2-4032-AA7C-F00BE00887AD}.Release|Any CPU.ActiveCfg = Release|Any CPU
		{FF62C88B-80B2-4032-AA7C-F00BE00887AD}.Release|Any CPU.Build.0 = Release|Any CPU
		{AAF6B795-67F6-45A7-AB2C-B6F666463639}.Debug|Any CPU.ActiveCfg = Debug|Any CPU
		{AAF6B795-67F6-45A7-AB2C-B6F666463639}.Debug|Any CPU.Build.0 = Debug|Any CPU
		{AAF6B795-67F6-45A7-AB2C-B6F666463639}.Release|Any CPU.ActiveCfg = Release|Any CPU
		{AAF6B795-67F6-45A7-AB2C-B6F666463639}.Release|Any CPU.Build.0 = Release|Any CPU
		{6D38E61B-BE29-49BB-85BF-46528F4828A3}.Debug|Any CPU.ActiveCfg = Debug|Any CPU
		{6D38E61B-BE29-49BB-85BF-46528F4828A3}.Debug|Any CPU.Build.0 = Debug|Any CPU
		{6D38E61B-BE29-49BB-85BF-46528F4828A3}.Release|Any CPU.ActiveCfg = Release|Any CPU
		{6D38E61B-BE29-49BB-85BF-46528F4828A3}.Release|Any CPU.Build.0 = Release|Any CPU
		{DDA05FE0-124A-4F88-AABD-2277263BA17D}.Debug|Any CPU.ActiveCfg = Debug|Any CPU
		{DDA05FE0-124A-4F88-AABD-2277263BA17D}.Debug|Any CPU.Build.0 = Debug|Any CPU
		{DDA05FE0-124A-4F88-AABD-2277263BA17D}.Release|Any CPU.ActiveCfg = Release|Any CPU
		{DDA05FE0-124A-4F88-AABD-2277263BA17D}.Release|Any CPU.Build.0 = Release|Any CPU
		{123CC0B4-4D0B-41BB-ACB8-ED40A52A3614}.Debug|Any CPU.ActiveCfg = Debug|Any CPU
		{123CC0B4-4D0B-41BB-ACB8-ED40A52A3614}.Debug|Any CPU.Build.0 = Debug|Any CPU
		{123CC0B4-4D0B-41BB-ACB8-ED40A52A3614}.Release|Any CPU.ActiveCfg = Release|Any CPU
		{123CC0B4-4D0B-41BB-ACB8-ED40A52A3614}.Release|Any CPU.Build.0 = Release|Any CPU
		{4EFE980D-EFD9-4E9F-9476-EFDE03417A39}.Debug|Any CPU.ActiveCfg = Debug|Any CPU
		{4EFE980D-EFD9-4E9F-9476-EFDE03417A39}.Debug|Any CPU.Build.0 = Debug|Any CPU
		{4EFE980D-EFD9-4E9F-9476-EFDE03417A39}.Release|Any CPU.ActiveCfg = Release|Any CPU
		{4EFE980D-EFD9-4E9F-9476-EFDE03417A39}.Release|Any CPU.Build.0 = Release|Any CPU
		{EE855A2C-0E2A-4F35-A90C-F4CC3E18B780}.Debug|Any CPU.ActiveCfg = Debug|Any CPU
		{EE855A2C-0E2A-4F35-A90C-F4CC3E18B780}.Debug|Any CPU.Build.0 = Debug|Any CPU
		{EE855A2C-0E2A-4F35-A90C-F4CC3E18B780}.Release|Any CPU.ActiveCfg = Release|Any CPU
		{EE855A2C-0E2A-4F35-A90C-F4CC3E18B780}.Release|Any CPU.Build.0 = Release|Any CPU
		{3A362D93-393F-4A3F-9BB4-BA38576BCEF5}.Debug|Any CPU.ActiveCfg = Debug|Any CPU
		{3A362D93-393F-4A3F-9BB4-BA38576BCEF5}.Debug|Any CPU.Build.0 = Debug|Any CPU
		{3A362D93-393F-4A3F-9BB4-BA38576BCEF5}.Release|Any CPU.ActiveCfg = Release|Any CPU
		{3A362D93-393F-4A3F-9BB4-BA38576BCEF5}.Release|Any CPU.Build.0 = Release|Any CPU
	EndGlobalSection
	GlobalSection(SolutionProperties) = preSolution
		HideSolutionNode = FALSE
	EndGlobalSection
	GlobalSection(ExtensibilityGlobals) = postSolution
		SolutionGuid = {294A1D0F-C04D-47CD-9DA3-A3A2EF6D1AD6}
	EndGlobalSection
	GlobalSection(NestedProjects) = preSolution
		{4EFE980D-EFD9-4E9F-9476-EFDE03417A39} = {D45A1EBC-A616-4228-9454-AFAF00D630F9}
		{0CC3B3EC-AC4F-4A8A-B410-1A16B9387619} = {D45A1EBC-A616-4228-9454-AFAF00D630F9}
		{EE855A2C-0E2A-4F35-A90C-F4CC3E18B780} = {0CC3B3EC-AC4F-4A8A-B410-1A16B9387619}
		{3A362D93-393F-4A3F-9BB4-BA38576BCEF5} = {0CC3B3EC-AC4F-4A8A-B410-1A16B9387619}
	EndGlobalSection
EndGlobal
